speakeasyVersion: 1.636.3
sources:
    Ynab-OAS:
        sourceNamespace: ynab-api
        sourceRevisionDigest: sha256:6e0ddb347d0ecac3a6b3bd2da39949c9972ebe38f50d05f94ea6efd2ef705a21
        sourceBlobDigest: sha256:e4e2e52d9d4387a2d9173c8b5d5cfa4c6c4a6f6cfcd6698bfdae5d9453062082
        tags:
            - latest
            - speakeasy-sdk-regen-1760055092
targets:
    ynab:
        source: Ynab-OAS
        sourceNamespace: ynab-api
        sourceRevisionDigest: sha256:6e0ddb347d0ecac3a6b3bd2da39949c9972ebe38f50d05f94ea6efd2ef705a21
        sourceBlobDigest: sha256:e4e2e52d9d4387a2d9173c8b5d5cfa4c6c4a6f6cfcd6698bfdae5d9453062082
        codeSamplesNamespace: ynab-oas-csharp-code-samples
        codeSamplesRevisionDigest: sha256:98b78996e6a75ff9c39ece09d0a2b18aed55a33de2675c04341438190268fda3
workflow:
    workflowVersion: 1.0.0
    speakeasyVersion: latest
    sources:
        Ynab-OAS:
            inputs:
                - location: registry.speakeasyapi.dev/walker/ynab/ynab-api:main
            output: .speakeasy/out.openapi.yaml
            registry:
                location: registry.speakeasyapi.dev/walker/ynab/ynab-oas
    targets:
        ynab:
            target: csharp
            source: Ynab-OAS
            codeSamples:
                registry:
                    location: registry.speakeasyapi.dev/walker/ynab/ynab-oas-csharp-code-samples
                labelOverride:
                    fixedValue: Csharp (SDK)
                blocking: false
