speakeasyVersion: 1.632.0
sources:
    Ynab-OAS:
        sourceNamespace: ynab-api
        sourceRevisionDigest: sha256:1276286aa43fc79e84ec0f3390b7b1a6debfa097be1f55493b229463d569b717
        sourceBlobDigest: sha256:17953cbf65173e2747eec5321392e30d86202f932f3611a0a2aa92e739ca5948
        tags:
            - latest
            - speakeasy-sdk-regen-1759343762
targets:
    ynab:
        source: Ynab-OAS
        sourceNamespace: ynab-api
        sourceRevisionDigest: sha256:1276286aa43fc79e84ec0f3390b7b1a6debfa097be1f55493b229463d569b717
        sourceBlobDigest: sha256:17953cbf65173e2747eec5321392e30d86202f932f3611a0a2aa92e739ca5948
        codeSamplesNamespace: ynab-oas-csharp-code-samples
        codeSamplesRevisionDigest: sha256:8f6d97b25bac23a5b4cc3f9c536dae6db9757e174e44876a3bb6bf4bcc8c16a4
workflow:
    workflowVersion: 1.0.0
    speakeasyVersion: latest
    sources:
        Ynab-OAS:
            inputs:
                - location: registry.speakeasyapi.dev/walker/ynab/ynab-api:main
            output: .speakeasy/out.openapi.yaml
            registry:
                location: registry.speakeasyapi.dev/walker/ynab/ynab-oas
    targets:
        ynab:
            target: csharp
            source: Ynab-OAS
            codeSamples:
                registry:
                    location: registry.speakeasyapi.dev/walker/ynab/ynab-oas-csharp-code-samples
                labelOverride:
                    fixedValue: Csharp (SDK)
                blocking: false
